
Microsoft Visual Studio Solution File, Format Version 12.00
# Visual Studio Version 17
VisualStudioVersion = 17.5.002.0
MinimumVisualStudioVersion = 10.0.40219.1
Project("{2150E333-8FDC-42A3-9474-1A3956D46DE8}") = "CsharpProjects", "CsharpProjects", "{56B953E7-F127-436B-8CD5-1738701887B8}"
EndProject
Project("{9A19103F-16F7-4668-BE54-9A1E7A4F7556}") = "TestProject", "CsharpProjects\TestProject\TestProject.csproj", "{C559EE67-93B6-431A-A336-16E02242E4DB}"
EndProject
Global
	GlobalSection(SolutionConfigurationPlatforms) = preSolution
		Debug|Any CPU = Debug|Any CPU
		Release|Any CPU = Release|Any CPU
	EndGlobalSection
	GlobalSection(ProjectConfigurationPlatforms) = postSolution
		{C559EE67-93B6-431A-A336-16E02242E4DB}.Debug|Any CPU.ActiveCfg = Debug|Any CPU
		{C559EE67-93B6-431A-A336-16E02242E4DB}.Debug|Any CPU.Build.0 = Debug|Any CPU
		{C559EE67-93B6-431A-A336-16E02242E4DB}.Release|Any CPU.ActiveCfg = Release|Any CPU
		{C559EE67-93B6-431A-A336-16E02242E4DB}.Release|Any CPU.Build.0 = Release|Any CPU
	EndGlobalSection
	GlobalSection(SolutionProperties) = preSolution
		HideSolutionNode = FALSE
	EndGlobalSection
	GlobalSection(NestedProjects) = preSolution
		{C559EE67-93B6-431A-A336-16E02242E4DB} = {56B953E7-F127-436B-8CD5-1738701887B8}
	EndGlobalSection
	GlobalSection(ExtensibilityGlobals) = postSolution
		SolutionGuid = {29A4A149-B25B-46D2-B080-9BD634FB7EFD}
	EndGlobalSection
EndGlobal
